
Microsoft Visual Studio Solution File, Format Version 12.00
# Visual Studio Version 17
VisualStudioVersion = 17.4.33213.308
MinimumVisualStudioVersion = 10.0.40219.1
Project("{FAE04EC0-301F-11D3-BF4B-00C04F79EFBC}") = "Acceleromonitor", "MauiAcceleromonitorApp\Acceleromonitor.csproj", "{6DA710E1-AC92-48E7-952D-288BB9D7AEA6}"
EndProject
Global
	GlobalSection(SolutionConfigurationPlatforms) = preSolution
		Debug|Any CPU = Debug|Any CPU
		Release|Any CPU = Release|Any CPU
	EndGlobalSection
	GlobalSection(ProjectConfigurationPlatforms) = postSolution
		{6DA710E1-AC92-48E7-952D-288BB9D7AEA6}.Debug|Any CPU.ActiveCfg = Debug|Any CPU
		{6DA710E1-AC92-48E7-952D-288BB9D7AEA6}.Debug|Any CPU.Build.0 = Debug|Any CPU
		{6DA710E1-AC92-48E7-952D-288BB9D7AEA6}.Debug|Any CPU.Deploy.0 = Debug|Any CPU
		{6DA710E1-AC92-48E7-952D-288BB9D7AEA6}.Release|Any CPU.ActiveCfg = Release|Any CPU
		{6DA710E1-AC92-48E7-952D-288BB9D7AEA6}.Release|Any CPU.Build.0 = Release|Any CPU
		{6DA710E1-AC92-48E7-952D-288BB9D7AEA6}.Release|Any CPU.Deploy.0 = Release|Any CPU
	EndGlobalSection
	GlobalSection(SolutionProperties) = preSolution
		HideSolutionNode = FALSE
	EndGlobalSection
	GlobalSection(ExtensibilityGlobals) = postSolution
		SolutionGuid = {847CE72B-D2FF-41EB-90D0-3143CF2B4FED}
	EndGlobalSection
EndGlobal
